
Microsoft Visual Studio Solution File, Format Version 12.00
# Visual Studio Version 16
VisualStudioVersion = 16.0.29920.165
MinimumVisualStudioVersion = 10.0.40219.1
Project("{FAE04EC0-301F-11D3-BF4B-00C04F79EFBC}") = "ISAD157_Coursework_NathanEverett", "ISAD157_Coursework_NathanEverett\ISAD157_Coursework_NathanEverett.csproj", "{F8FAACC9-1773-41B9-B405-CDA7A780CE2C}"
EndProject
Global
	GlobalSection(SolutionConfigurationPlatforms) = preSolution
		Debug|Any CPU = Debug|Any CPU
		Release|Any CPU = Release|Any CPU
	EndGlobalSection
	GlobalSection(ProjectConfigurationPlatforms) = postSolution
		{F8FAACC9-1773-41B9-B405-CDA7A780CE2C}.Debug|Any CPU.ActiveCfg = Debug|Any CPU
		{F8FAACC9-1773-41B9-B405-CDA7A780CE2C}.Debug|Any CPU.Build.0 = Debug|Any CPU
		{F8FAACC9-1773-41B9-B405-CDA7A780CE2C}.Release|Any CPU.ActiveCfg = Release|Any CPU
		{F8FAACC9-1773-41B9-B405-CDA7A780CE2C}.Release|Any CPU.Build.0 = Release|Any CPU
	EndGlobalSection
	GlobalSection(SolutionProperties) = preSolution
		HideSolutionNode = FALSE
	EndGlobalSection
	GlobalSection(ExtensibilityGlobals) = postSolution
		SolutionGuid = {42AC6D3F-2F5F-41AF-9D1F-68D823CDB2F1}
	EndGlobalSection
EndGlobal
